// !$*UTF8*$!
{
	archiveVersion = 1;
	classes = {
	};
	objectVersion = 46;
	objects = {

/* Begin PBXBuildFile section */
		D51CAEB31C3D94780025EFED /* AppDelegate.swift in Sources */ = {isa = PBXBuildFile; fileRef = D51CAEB21C3D94780025EFED /* AppDelegate.swift */; };
		D51CAEB51C3D94780025EFED /* ColorPickerViewController.swift in Sources */ = {isa = PBXBuildFile; fileRef = D51CAEB41C3D94780025EFED /* ColorPickerViewController.swift */; };
		D51CAEB81C3D94780025EFED /* Main.storyboard in Resources */ = {isa = PBXBuildFile; fileRef = D51CAEB61C3D94780025EFED /* Main.storyboard */; };
		D51CAEBA1C3D94780025EFED /* Assets.xcassets in Resources */ = {isa = PBXBuildFile; fileRef = D51CAEB91C3D94780025EFED /* Assets.xcassets */; };
		D51CAEBD1C3D94780025EFED /* LaunchScreen.storyboard in Resources */ = {isa = PBXBuildFile; fileRef = D51CAEBB1C3D94780025EFED /* LaunchScreen.storyboard */; };
		D51CAEC51C3D94920025EFED /* UDPClient.swift in Sources */ = {isa = PBXBuildFile; fileRef = D51CAEC41C3D94920025EFED /* UDPClient.swift */; };
		D51CAEC91C3D97D70025EFED /* ISColorWheel.m in Sources */ = {isa = PBXBuildFile; fileRef = D51CAEC81C3D97D70025EFED /* ISColorWheel.m */; };
		D5A3B58C1C9B539B0002CF40 /* LedStrip.swift in Sources */ = {isa = PBXBuildFile; fileRef = D5A3B58B1C9B539B0002CF40 /* LedStrip.swift */; };
		D5A3B58E1C9B53BE0002CF40 /* UIColor+RGB.swift in Sources */ = {isa = PBXBuildFile; fileRef = D5A3B58D1C9B53BE0002CF40 /* UIColor+RGB.swift */; };
/* End PBXBuildFile section */

/* Begin PBXFileReference section */
		D51CAEAF1C3D94770025EFED /* LEDControl.app */ = {isa = PBXFileReference; explicitFileType = wrapper.application; includeInIndex = 0; path = LEDControl.app; sourceTree = BUILT_PRODUCTS_DIR; };
		D51CAEB21C3D94780025EFED /* AppDelegate.swift */ = {isa = PBXFileReference; lastKnownFileType = sourcecode.swift; path = AppDelegate.swift; sourceTree = "<group>"; };
		D51CAEB41C3D94780025EFED /* ColorPickerViewController.swift */ = {isa = PBXFileReference; lastKnownFileType = sourcecode.swift; path = ColorPickerViewController.swift; sourceTree = "<group>"; };
		D51CAEB71C3D94780025EFED /* Base */ = {isa = PBXFileReference; lastKnownFileType = file.storyboard; name = Base; path = Base.lproj/Main.storyboard; sourceTree = "<group>"; };
		D51CAEB91C3D94780025EFED /* Assets.xcassets */ = {isa = PBXFileReference; lastKnownFileType = folder.assetcatalog; path = Assets.xcassets; sourceTree = "<group>"; };
		D51CAEBC1C3D94780025EFED /* Base */ = {isa = PBXFileReference; lastKnownFileType = file.storyboard; name = Base; path = Base.lproj/LaunchScreen.storyboard; sourceTree = "<group>"; };
		D51CAEBE1C3D94780025EFED /* Info.plist */ = {isa = PBXFileReference; lastKnownFileType = text.plist.xml; path = Info.plist; sourceTree = "<group>"; };
		D51CAEC41C3D94920025EFED /* UDPClient.swift */ = {isa = PBXFileReference; fileEncoding = 4; lastKnownFileType = sourcecode.swift; path = UDPClient.swift; sourceTree = "<group>"; };
		D51CAEC61C3D97D70025EFED /* LEDControl-Bridging-Header.h */ = {isa = PBXFileReference; lastKnownFileType = sourcecode.c.h; path = "LEDControl-Bridging-Header.h"; sourceTree = "<group>"; };
		D51CAEC71C3D97D70025EFED /* ISColorWheel.h */ = {isa = PBXFileReference; fileEncoding = 4; lastKnownFileType = sourcecode.c.h; path = ISColorWheel.h; sourceTree = "<group>"; };
		D51CAEC81C3D97D70025EFED /* ISColorWheel.m */ = {isa = PBXFileReference; fileEncoding = 4; lastKnownFileType = sourcecode.c.objc; path = ISColorWheel.m; sourceTree = "<group>"; };
		D5A3B58B1C9B539B0002CF40 /* LedStrip.swift */ = {isa = PBXFileReference; fileEncoding = 4; lastKnownFileType = sourcecode.swift; path = LedStrip.swift; sourceTree = "<group>"; };
		D5A3B58D1C9B53BE0002CF40 /* UIColor+RGB.swift */ = {isa = PBXFileReference; fileEncoding = 4; lastKnownFileType = sourcecode.swift; path = "UIColor+RGB.swift"; sourceTree = "<group>"; };
/* End PBXFileReference section */

/* Begin PBXFrameworksBuildPhase section */
		D51CAEAC1C3D94770025EFED /* Frameworks */ = {
			isa = PBXFrameworksBuildPhase;
			buildActionMask = 2147483647;
			files = (
			);
			runOnlyForDeploymentPostprocessing = 0;
		};
/* End PBXFrameworksBuildPhase section */

/* Begin PBXGroup section */
		D51CAEA61C3D94770025EFED = {
			isa = PBXGroup;
			children = (
				D51CAEB11C3D94780025EFED /* LEDControl */,
				D51CAEB01C3D94770025EFED /* Products */,
			);
			sourceTree = "<group>";
		};
		D51CAEB01C3D94770025EFED /* Products */ = {
			isa = PBXGroup;
			children = (
				D51CAEAF1C3D94770025EFED /* LEDControl.app */,
			);
			name = Products;
			sourceTree = "<group>";
		};
		D51CAEB11C3D94780025EFED /* LEDControl */ = {
			isa = PBXGroup;
			children = (
				D51CAEB21C3D94780025EFED /* AppDelegate.swift */,
				D51CAEB41C3D94780025EFED /* ColorPickerViewController.swift */,
				D5A3B58B1C9B539B0002CF40 /* LedStrip.swift */,
				D51CAEC41C3D94920025EFED /* UDPClient.swift */,
				D5A3B58D1C9B53BE0002CF40 /* UIColor+RGB.swift */,
				D51CAEC71C3D97D70025EFED /* ISColorWheel.h */,
				D51CAEC81C3D97D70025EFED /* ISColorWheel.m */,
				D5A3B58F1C9B53D00002CF40 /* Supporting Files */,
				D51CAEB61C3D94780025EFED /* Main.storyboard */,
				D51CAEB91C3D94780025EFED /* Assets.xcassets */,
				D51CAEBB1C3D94780025EFED /* LaunchScreen.storyboard */,
			);
			path = LEDControl;
			sourceTree = "<group>";
		};
		D5A3B58F1C9B53D00002CF40 /* Supporting Files */ = {
			isa = PBXGroup;
			children = (
				D51CAEC61C3D97D70025EFED /* LEDControl-Bridging-Header.h */,
				D51CAEBE1C3D94780025EFED /* Info.plist */,
			);
			name = "Supporting Files";
			sourceTree = "<group>";
		};
/* End PBXGroup section */

/* Begin PBXNativeTarget section */
		D51CAEAE1C3D94770025EFED /* LEDControl */ = {
			isa = PBXNativeTarget;
			buildConfigurationList = D51CAEC11C3D94780025EFED /* Build configuration list for PBXNativeTarget "LEDControl" */;
			buildPhases = (
				D51CAEAB1C3D94770025EFED /* Sources */,
				D51CAEAC1C3D94770025EFED /* Frameworks */,
				D51CAEAD1C3D94770025EFED /* Resources */,
			);
			buildRules = (
			);
			dependencies = (
			);
			name = LEDControl;
			productName = LEDControl;
			productReference = D51CAEAF1C3D94770025EFED /* LEDControl.app */;
			productType = "com.apple.product-type.application";
		};
/* End PBXNativeTarget section */

/* Begin PBXProject section */
		D51CAEA71C3D94770025EFED /* Project object */ = {
			isa = PBXProject;
			attributes = {
				LastSwiftUpdateCheck = 0720;
				LastUpgradeCheck = 0800;
				ORGANIZATIONNAME = Duckson;
				TargetAttributes = {
					D51CAEAE1C3D94770025EFED = {
						CreatedOnToolsVersion = 7.2;
						DevelopmentTeam = 3W68UU92K3;
						LastSwiftMigration = 0800;
					};
				};
			};
			buildConfigurationList = D51CAEAA1C3D94770025EFED /* Build configuration list for PBXProject "LEDControl" */;
			compatibilityVersion = "Xcode 3.2";
			developmentRegion = English;
			hasScannedForEncodings = 0;
			knownRegions = (
				en,
				Base,
			);
			mainGroup = D51CAEA61C3D94770025EFED;
			productRefGroup = D51CAEB01C3D94770025EFED /* Products */;
			projectDirPath = "";
			projectRoot = "";
			targets = (
				D51CAEAE1C3D94770025EFED /* LEDControl */,
			);
		};
/* End PBXProject section */

/* Begin PBXResourcesBuildPhase section */
		D51CAEAD1C3D94770025EFED /* Resources */ = {
			isa = PBXResourcesBuildPhase;
			buildActionMask = 2147483647;
			files = (
				D51CAEBD1C3D94780025EFED /* LaunchScreen.storyboard in Resources */,
				D51CAEBA1C3D94780025EFED /* Assets.xcassets in Resources */,
				D51CAEB81C3D94780025EFED /* Main.storyboard in Resources */,
			);
			runOnlyForDeploymentPostprocessing = 0;
		};
/* End PBXResourcesBuildPhase section */

/* Begin PBXSourcesBuildPhase section */
		D51CAEAB1C3D94770025EFED /* Sources */ = {
			isa = PBXSourcesBuildPhase;
			buildActionMask = 2147483647;
			files = (
				D51CAEC51C3D94920025EFED /* UDPClient.swift in Sources */,
				D5A3B58E1C9B53BE0002CF40 /* UIColor+RGB.swift in Sources */,
				D51CAEC91C3D97D70025EFED /* ISColorWheel.m in Sources */,
				D51CAEB51C3D94780025EFED /* ColorPickerViewController.swift in Sources */,
				D51CAEB31C3D94780025EFED /* AppDelegate.swift in Sources */,
				D5A3B58C1C9B539B0002CF40 /* LedStrip.swift in Sources */,
			);
			runOnlyForDeploymentPostprocessing = 0;
		};
/* End PBXSourcesBuildPhase section */

/* Begin PBXVariantGroup section */
		D51CAEB61C3D94780025EFED /* Main.storyboard */ = {
			isa = PBXVariantGroup;
			children = (
				D51CAEB71C3D94780025EFED /* Base */,
			);
			name = Main.storyboard;
			sourceTree = "<group>";
		};
		D51CAEBB1C3D94780025EFED /* LaunchScreen.storyboard */ = {
			isa = PBXVariantGroup;
			children = (
				D51CAEBC1C3D94780025EFED /* Base */,
			);
			name = LaunchScreen.storyboard;
			sourceTree = "<group>";
		};
/* End PBXVariantGroup section */

/* Begin XCBuildConfiguration section */
		D51CAEBF1C3D94780025EFED /* Debug */ = {
			isa = XCBuildConfiguration;
			buildSettings = {
				ALWAYS_SEARCH_USER_PATHS = NO;
				CLANG_CXX_LANGUAGE_STANDARD = "gnu++0x";
				CLANG_CXX_LIBRARY = "libc++";
				CLANG_ENABLE_MODULES = YES;
				CLANG_ENABLE_OBJC_ARC = YES;
				CLANG_WARN_BOOL_CONVERSION = YES;
				CLANG_WARN_CONSTANT_CONVERSION = YES;
				CLANG_WARN_DIRECT_OBJC_ISA_USAGE = YES_ERROR;
				CLANG_WARN_EMPTY_BODY = YES;
				CLANG_WARN_ENUM_CONVERSION = YES;
				CLANG_WARN_INFINITE_RECURSION = YES;
				CLANG_WARN_INT_CONVERSION = YES;
				CLANG_WARN_OBJC_ROOT_CLASS = YES_ERROR;
				CLANG_WARN_SUSPICIOUS_MOVE = YES;
				CLANG_WARN_UNREACHABLE_CODE = YES;
				CLANG_WARN__DUPLICATE_METHOD_MATCH = YES;
				"CODE_SIGN_IDENTITY[sdk=iphoneos*]" = "iPhone Developer";
				COPY_PHASE_STRIP = NO;
				DEBUG_INFORMATION_FORMAT = dwarf;
				ENABLE_STRICT_OBJC_MSGSEND = YES;
				ENABLE_TESTABILITY = YES;
				GCC_C_LANGUAGE_STANDARD = gnu99;
				GCC_DYNAMIC_NO_PIC = NO;
				GCC_NO_COMMON_BLOCKS = YES;
				GCC_OPTIMIZATION_LEVEL = 0;
				GCC_PREPROCESSOR_DEFINITIONS = (
					"DEBUG=1",
					"$(inherited)",
				);
				GCC_WARN_64_TO_32_BIT_CONVERSION = YES;
				GCC_WARN_ABOUT_RETURN_TYPE = YES_ERROR;
				GCC_WARN_UNDECLARED_SELECTOR = YES;
				GCC_WARN_UNINITIALIZED_AUTOS = YES_AGGRESSIVE;
				GCC_WARN_UNUSED_FUNCTION = YES;
				GCC_WARN_UNUSED_VARIABLE = YES;
				IPHONEOS_DEPLOYMENT_TARGET = 9.2;
				MTL_ENABLE_DEBUG_INFO = YES;
				ONLY_ACTIVE_ARCH = YES;
				SDKROOT = iphoneos;
				SWIFT_OPTIMIZATION_LEVEL = "-Onone";
				TARGETED_DEVICE_FAMILY = "1,2";
			};
			name = Debug;
		};
		D51CAEC01C3D94780025EFED /* Release */ = {
			isa = XCBuildConfiguration;
			buildSettings = {
				ALWAYS_SEARCH_USER_PATHS = NO;
				CLANG_CXX_LANGUAGE_STANDARD = "gnu++0x";
				CLANG_CXX_LIBRARY = "libc++";
				CLANG_ENABLE_MODULES = YES;
				CLANG_ENABLE_OBJC_ARC = YES;
				CLANG_WARN_BOOL_CONVERSION = YES;
				CLANG_WARN_CONSTANT_CONVERSION = YES;
				CLANG_WARN_DIRECT_OBJC_ISA_USAGE = YES_ERROR;
				CLANG_WARN_EMPTY_BODY = YES;
				CLANG_WARN_ENUM_CONVERSION = YES;
				CLANG_WARN_INFINITE_RECURSION = YES;
				CLANG_WARN_INT_CONVERSION = YES;
				CLANG_WARN_OBJC_ROOT_CLASS = YES_ERROR;
				CLANG_WARN_SUSPICIOUS_MOVE = YES;
				CLANG_WARN_UNREACHABLE_CODE = YES;
				CLANG_WARN__DUPLICATE_METHOD_MATCH = YES;
				"CODE_SIGN_IDENTITY[sdk=iphoneos*]" = "iPhone Developer";
				COPY_PHASE_STRIP = NO;
				DEBUG_INFORMATION_FORMAT = "dwarf-with-dsym";
				ENABLE_NS_ASSERTIONS = NO;
				ENABLE_STRICT_OBJC_MSGSEND = YES;
				GCC_C_LANGUAGE_STANDARD = gnu99;
				GCC_NO_COMMON_BLOCKS = YES;
				GCC_WARN_64_TO_32_BIT_CONVERSION = YES;
				GCC_WARN_ABOUT_RETURN_TYPE = YES_ERROR;
				GCC_WARN_UNDECLARED_SELECTOR = YES;
				GCC_WARN_UNINITIALIZED_AUTOS = YES_AGGRESSIVE;
				GCC_WARN_UNUSED_FUNCTION = YES;
				GCC_WARN_UNUSED_VARIABLE = YES;
				IPHONEOS_DEPLOYMENT_TARGET = 9.2;
				MTL_ENABLE_DEBUG_INFO = NO;
				SDKROOT = iphoneos;
				SWIFT_OPTIMIZATION_LEVEL = "-Owholemodule";
				TARGETED_DEVICE_FAMILY = "1,2";
				VALIDATE_PRODUCT = YES;
			};
			name = Release;
		};
		D51CAEC21C3D94780025EFED /* Debug */ = {
			isa = XCBuildConfiguration;
			buildSettings = {
				ASSETCATALOG_COMPILER_APPICON_NAME = AppIcon;
				CLANG_ENABLE_MODULES = YES;
				CODE_SIGN_IDENTITY = "iPhone Developer";
				INFOPLIST_FILE = LEDControl/Info.plist;
				LD_RUNPATH_SEARCH_PATHS = "$(inherited) @executable_path/Frameworks";
				PRODUCT_BUNDLE_IDENTIFIER = nl.duckson.LEDControl;
				PRODUCT_NAME = "$(TARGET_NAME)";
				SWIFT_OBJC_BRIDGING_HEADER = "LEDControl/LEDControl-Bridging-Header.h";
				SWIFT_OPTIMIZATION_LEVEL = "-Onone";
				SWIFT_VERSION = 3.0;
			};
			name = Debug;
		};
		D51CAEC31C3D94780025EFED /* Release */ = {
			isa = XCBuildConfiguration;
			buildSettings = {
				ASSETCATALOG_COMPILER_APPICON_NAME = AppIcon;
				CLANG_ENABLE_MODULES = YES;
				CODE_SIGN_IDENTITY = "iPhone Developer";
				INFOPLIST_FILE = LEDControl/Info.plist;
				LD_RUNPATH_SEARCH_PATHS = "$(inherited) @executable_path/Frameworks";
				PRODUCT_BUNDLE_IDENTIFIER = nl.duckson.LEDControl;
				PRODUCT_NAME = "$(TARGET_NAME)";
				SWIFT_OBJC_BRIDGING_HEADER = "LEDControl/LEDControl-Bridging-Header.h";
				SWIFT_VERSION = 3.0;
			};
			name = Release;
		};
/* End XCBuildConfiguration section */

/* Begin XCConfigurationList section */
		D51CAEAA1C3D94770025EFED /* Build configuration list for PBXProject "LEDControl" */ = {
			isa = XCConfigurationList;
			buildConfigurations = (
				D51CAEBF1C3D94780025EFED /* Debug */,
				D51CAEC01C3D94780025EFED /* Release */,
			);
			defaultConfigurationIsVisible = 0;
			defaultConfigurationName = Release;
		};
		D51CAEC11C3D94780025EFED /* Build configuration list for PBXNativeTarget "LEDControl" */ = {
			isa = XCConfigurationList;
			buildConfigurations = (
				D51CAEC21C3D94780025EFED /* Debug */,
				D51CAEC31C3D94780025EFED /* Release */,
			);
			defaultConfigurationIsVisible = 0;
			defaultConfigurationName = Release;
		};
/* End XCConfigurationList section */
	};
	rootObject = D51CAEA71C3D94770025EFED /* Project object */;
}
